
Microsoft Visual Studio Solution File, Format Version 12.00
# Visual Studio Version 16
VisualStudioVersion = 16.0.30907.101
MinimumVisualStudioVersion = 10.0.40219.1
Project("{9A19103F-16F7-4668-BE54-9A1E7A4F7556}") = "KampIntro", "KampIntro\KampIntro.csproj", "{2B221A75-2D78-49E9-863F-7A277AFE68F9}"
EndProject
Project("{9A19103F-16F7-4668-BE54-9A1E7A4F7556}") = "Donguler", "Donguler\Donguler.csproj", "{5EF186E7-A967-4790-8A76-A52B493E0652}"
EndProject
Project("{9A19103F-16F7-4668-BE54-9A1E7A4F7556}") = "ClassIntro", "ClassIntro\ClassIntro.csproj", "{D8752883-1E17-4B53-9AA0-F19DA1727E4E}"
EndProject
Project("{9A19103F-16F7-4668-BE54-9A1E7A4F7556}") = "Methods", "Methods\Methods.csproj", "{A21648BB-50EF-4163-870F-A44D0D78B05D}"
EndProject
Project("{9A19103F-16F7-4668-BE54-9A1E7A4F7556}") = "DegerVeReferansTipler", "DegerVeReferansTipler\DegerVeReferansTipler.csproj", "{B2F49FC2-6BAE-4E41-86BC-A6B840465E2F}"
EndProject
Project("{9A19103F-16F7-4668-BE54-9A1E7A4F7556}") = "Math", "Math\Math.csproj", "{4FFD59B4-48D9-489F-8E98-CCBC42128560}"
EndProject
Project("{FAE04EC0-301F-11D3-BF4B-00C04F79EFBC}") = "OOP1", "OOP1\OOP1.csproj", "{8ED0FD0C-190D-4FC2-AFA5-3EFCEE4F67A3}"
EndProject
Project("{FAE04EC0-301F-11D3-BF4B-00C04F79EFBC}") = "Koleksiyonlar", "Koleksiyonlar\Koleksiyonlar.csproj", "{6671E062-3A82-4878-8E40-A37AD96989F1}"
EndProject
Project("{FAE04EC0-301F-11D3-BF4B-00C04F79EFBC}") = "GenericsIntro", "GenericsIntro\GenericsIntro.csproj", "{49F18531-CB3E-4532-91B5-9FDC28C15943}"
EndProject
Global
	GlobalSection(SolutionConfigurationPlatforms) = preSolution
		Debug|Any CPU = Debug|Any CPU
		Release|Any CPU = Release|Any CPU
	EndGlobalSection
	GlobalSection(ProjectConfigurationPlatforms) = postSolution
		{2B221A75-2D78-49E9-863F-7A277AFE68F9}.Debug|Any CPU.ActiveCfg = Debug|Any CPU
		{2B221A75-2D78-49E9-863F-7A277AFE68F9}.Debug|Any CPU.Build.0 = Debug|Any CPU
		{2B221A75-2D78-49E9-863F-7A277AFE68F9}.Release|Any CPU.ActiveCfg = Release|Any CPU
		{2B221A75-2D78-49E9-863F-7A277AFE68F9}.Release|Any CPU.Build.0 = Release|Any CPU
		{5EF186E7-A967-4790-8A76-A52B493E0652}.Debug|Any CPU.ActiveCfg = Debug|Any CPU
		{5EF186E7-A967-4790-8A76-A52B493E0652}.Debug|Any CPU.Build.0 = Debug|Any CPU
		{5EF186E7-A967-4790-8A76-A52B493E0652}.Release|Any CPU.ActiveCfg = Release|Any CPU
		{5EF186E7-A967-4790-8A76-A52B493E0652}.Release|Any CPU.Build.0 = Release|Any CPU
		{D8752883-1E17-4B53-9AA0-F19DA1727E4E}.Debug|Any CPU.ActiveCfg = Debug|Any CPU
		{D8752883-1E17-4B53-9AA0-F19DA1727E4E}.Debug|Any CPU.Build.0 = Debug|Any CPU
		{D8752883-1E17-4B53-9AA0-F19DA1727E4E}.Release|Any CPU.ActiveCfg = Release|Any CPU
		{D8752883-1E17-4B53-9AA0-F19DA1727E4E}.Release|Any CPU.Build.0 = Release|Any CPU
		{A21648BB-50EF-4163-870F-A44D0D78B05D}.Debug|Any CPU.ActiveCfg = Debug|Any CPU
		{A21648BB-50EF-4163-870F-A44D0D78B05D}.Debug|Any CPU.Build.0 = Debug|Any CPU
		{A21648BB-50EF-4163-870F-A44D0D78B05D}.Release|Any CPU.ActiveCfg = Release|Any CPU
		{A21648BB-50EF-4163-870F-A44D0D78B05D}.Release|Any CPU.Build.0 = Release|Any CPU
		{B2F49FC2-6BAE-4E41-86BC-A6B840465E2F}.Debug|Any CPU.ActiveCfg = Debug|Any CPU
		{B2F49FC2-6BAE-4E41-86BC-A6B840465E2F}.Debug|Any CPU.Build.0 = Debug|Any CPU
		{B2F49FC2-6BAE-4E41-86BC-A6B840465E2F}.Release|Any CPU.ActiveCfg = Release|Any CPU
		{B2F49FC2-6BAE-4E41-86BC-A6B840465E2F}.Release|Any CPU.Build.0 = Release|Any CPU
		{4FFD59B4-48D9-489F-8E98-CCBC42128560}.Debug|Any CPU.ActiveCfg = Debug|Any CPU
		{4FFD59B4-48D9-489F-8E98-CCBC42128560}.Debug|Any CPU.Build.0 = Debug|Any CPU
		{4FFD59B4-48D9-489F-8E98-CCBC42128560}.Release|Any CPU.ActiveCfg = Release|Any CPU
		{4FFD59B4-48D9-489F-8E98-CCBC42128560}.Release|Any CPU.Build.0 = Release|Any CPU
		{8ED0FD0C-190D-4FC2-AFA5-3EFCEE4F67A3}.Debug|Any CPU.ActiveCfg = Debug|Any CPU
		{8ED0FD0C-190D-4FC2-AFA5-3EFCEE4F67A3}.Debug|Any CPU.Build.0 = Debug|Any CPU
		{8ED0FD0C-190D-4FC2-AFA5-3EFCEE4F67A3}.Release|Any CPU.ActiveCfg = Release|Any CPU
		{8ED0FD0C-190D-4FC2-AFA5-3EFCEE4F67A3}.Release|Any CPU.Build.0 = Release|Any CPU
		{6671E062-3A82-4878-8E40-A37AD96989F1}.Debug|Any CPU.ActiveCfg = Debug|Any CPU
		{6671E062-3A82-4878-8E40-A37AD96989F1}.Debug|Any CPU.Build.0 = Debug|Any CPU
		{6671E062-3A82-4878-8E40-A37AD96989F1}.Release|Any CPU.ActiveCfg = Release|Any CPU
		{6671E062-3A82-4878-8E40-A37AD96989F1}.Release|Any CPU.Build.0 = Release|Any CPU
		{49F18531-CB3E-4532-91B5-9FDC28C15943}.Debug|Any CPU.ActiveCfg = Debug|Any CPU
		{49F18531-CB3E-4532-91B5-9FDC28C15943}.Debug|Any CPU.Build.0 = Debug|Any CPU
		{49F18531-CB3E-4532-91B5-9FDC28C15943}.Release|Any CPU.ActiveCfg = Release|Any CPU
		{49F18531-CB3E-4532-91B5-9FDC28C15943}.Release|Any CPU.Build.0 = Release|Any CPU
	EndGlobalSection
	GlobalSection(SolutionProperties) = preSolution
		HideSolutionNode = FALSE
	EndGlobalSection
	GlobalSection(ExtensibilityGlobals) = postSolution
		SolutionGuid = {9B1B7CAB-AFC3-448E-A695-1048F087038E}
	EndGlobalSection
EndGlobal
